// !$*UTF8*$!
{
	archiveVersion = 1;
	classes = {
	};
	objectVersion = 56;
	objects = {

/* Begin PBXBuildFile section */
		835C0AAA2C43A1AA0086C767 /* Helper.swift in Sources */ = {isa = PBXBuildFile; fileRef = 835C0AA92C43A1AA0086C767 /* Helper.swift */; };
		835C0AB52C494BDD0086C767 /* House.swift in Sources */ = {isa = PBXBuildFile; fileRef = 835C0AB42C494BDD0086C767 /* House.swift */; };
		ED3BEBC52C55EFF6006A2279 /* EditHomeScreen.swift in Sources */ = {isa = PBXBuildFile; fileRef = ED3BEBC42C55EFF6006A2279 /* EditHomeScreen.swift */; };
		ED97440B2C43A512003641FB /* AddHomeScreen.swift in Sources */ = {isa = PBXBuildFile; fileRef = ED9744042C43A512003641FB /* AddHomeScreen.swift */; };
		ED97440C2C43A512003641FB /* AddStopScreen.swift in Sources */ = {isa = PBXBuildFile; fileRef = ED9744052C43A512003641FB /* AddStopScreen.swift */; };
		ED97440D2C43A512003641FB /* HomeDetailsScreen.swift in Sources */ = {isa = PBXBuildFile; fileRef = ED9744062C43A512003641FB /* HomeDetailsScreen.swift */; };
		ED97440F2C43A512003641FB /* InvoiceScreen.swift in Sources */ = {isa = PBXBuildFile; fileRef = ED9744082C43A512003641FB /* InvoiceScreen.swift */; };
		ED9744102C43A512003641FB /* RouteScreen.swift in Sources */ = {isa = PBXBuildFile; fileRef = ED9744092C43A512003641FB /* RouteScreen.swift */; };
		ED9744122C43A715003641FB /* HomeScreen.swift in Sources */ = {isa = PBXBuildFile; fileRef = ED9744112C43A715003641FB /* HomeScreen.swift */; };
		ED9744142C43A7EA003641FB /* HomeObject.swift in Sources */ = {isa = PBXBuildFile; fileRef = ED9744132C43A7EA003641FB /* HomeObject.swift */; };
		EDABA0CF2C4355F4000FD038 /* JMGWorkScapeApp.swift in Sources */ = {isa = PBXBuildFile; fileRef = EDABA0CE2C4355F4000FD038 /* JMGWorkScapeApp.swift */; };
		EDABA0D12C4355F4000FD038 /* ContentView.swift in Sources */ = {isa = PBXBuildFile; fileRef = EDABA0D02C4355F4000FD038 /* ContentView.swift */; };
		EDABA0D32C4355F6000FD038 /* Assets.xcassets in Resources */ = {isa = PBXBuildFile; fileRef = EDABA0D22C4355F6000FD038 /* Assets.xcassets */; };
		EDABA0D62C4355F6000FD038 /* Preview Assets.xcassets in Resources */ = {isa = PBXBuildFile; fileRef = EDABA0D52C4355F6000FD038 /* Preview Assets.xcassets */; };
/* End PBXBuildFile section */

/* Begin PBXFileReference section */
		835C0AA92C43A1AA0086C767 /* Helper.swift */ = {isa = PBXFileReference; lastKnownFileType = sourcecode.swift; path = Helper.swift; sourceTree = "<group>"; };
		835C0AB42C494BDD0086C767 /* House.swift */ = {isa = PBXFileReference; lastKnownFileType = sourcecode.swift; path = House.swift; sourceTree = "<group>"; };
		ED3BEBC42C55EFF6006A2279 /* EditHomeScreen.swift */ = {isa = PBXFileReference; lastKnownFileType = sourcecode.swift; path = EditHomeScreen.swift; sourceTree = "<group>"; };
		ED6AA00E2C51A5E0003A8C86 /* Info.plist */ = {isa = PBXFileReference; lastKnownFileType = text.plist; path = Info.plist; sourceTree = "<group>"; };
		ED9744042C43A512003641FB /* AddHomeScreen.swift */ = {isa = PBXFileReference; fileEncoding = 4; lastKnownFileType = sourcecode.swift; path = AddHomeScreen.swift; sourceTree = "<group>"; };
		ED9744052C43A512003641FB /* AddStopScreen.swift */ = {isa = PBXFileReference; fileEncoding = 4; lastKnownFileType = sourcecode.swift; path = AddStopScreen.swift; sourceTree = "<group>"; };
		ED9744062C43A512003641FB /* HomeDetailsScreen.swift */ = {isa = PBXFileReference; fileEncoding = 4; lastKnownFileType = sourcecode.swift; path = HomeDetailsScreen.swift; sourceTree = "<group>"; };
		ED9744082C43A512003641FB /* InvoiceScreen.swift */ = {isa = PBXFileReference; fileEncoding = 4; lastKnownFileType = sourcecode.swift; path = InvoiceScreen.swift; sourceTree = "<group>"; };
		ED9744092C43A512003641FB /* RouteScreen.swift */ = {isa = PBXFileReference; fileEncoding = 4; lastKnownFileType = sourcecode.swift; path = RouteScreen.swift; sourceTree = "<group>"; };
		ED9744112C43A715003641FB /* HomeScreen.swift */ = {isa = PBXFileReference; lastKnownFileType = sourcecode.swift; path = HomeScreen.swift; sourceTree = "<group>"; };
		ED9744132C43A7EA003641FB /* HomeObject.swift */ = {isa = PBXFileReference; lastKnownFileType = sourcecode.swift; path = HomeObject.swift; sourceTree = "<group>"; };
		EDABA0CB2C4355F4000FD038 /* JMGWorkScape.app */ = {isa = PBXFileReference; explicitFileType = wrapper.application; includeInIndex = 0; path = JMGWorkScape.app; sourceTree = BUILT_PRODUCTS_DIR; };
		EDABA0CE2C4355F4000FD038 /* JMGWorkScapeApp.swift */ = {isa = PBXFileReference; lastKnownFileType = sourcecode.swift; path = JMGWorkScapeApp.swift; sourceTree = "<group>"; };
		EDABA0D02C4355F4000FD038 /* ContentView.swift */ = {isa = PBXFileReference; lastKnownFileType = sourcecode.swift; path = ContentView.swift; sourceTree = "<group>"; };
		EDABA0D22C4355F6000FD038 /* Assets.xcassets */ = {isa = PBXFileReference; lastKnownFileType = folder.assetcatalog; path = Assets.xcassets; sourceTree = "<group>"; };
		EDABA0D52C4355F6000FD038 /* Preview Assets.xcassets */ = {isa = PBXFileReference; lastKnownFileType = folder.assetcatalog; path = "Preview Assets.xcassets"; sourceTree = "<group>"; };
/* End PBXFileReference section */

/* Begin PBXFrameworksBuildPhase section */
		EDABA0C82C4355F4000FD038 /* Frameworks */ = {
			isa = PBXFrameworksBuildPhase;
			buildActionMask = 2147483647;
			files = (
			);
			runOnlyForDeploymentPostprocessing = 0;
		};
/* End PBXFrameworksBuildPhase section */

/* Begin PBXGroup section */
		835C0AAB2C43F3E10086C767 /* data */ = {
			isa = PBXGroup;
			children = (
			);
			path = data;
			sourceTree = "<group>";
		};
		ED97440A2C43A512003641FB /* Screens */ = {
			isa = PBXGroup;
			children = (
				ED9744042C43A512003641FB /* AddHomeScreen.swift */,
				ED9744052C43A512003641FB /* AddStopScreen.swift */,
				ED9744062C43A512003641FB /* HomeDetailsScreen.swift */,
				ED9744082C43A512003641FB /* InvoiceScreen.swift */,
				ED9744112C43A715003641FB /* HomeScreen.swift */,
				ED9744092C43A512003641FB /* RouteScreen.swift */,
				ED3BEBC42C55EFF6006A2279 /* EditHomeScreen.swift */,
			);
			name = Screens;
			path = JMGWorkScape/Screens;
			sourceTree = SOURCE_ROOT;
		};
		EDABA0C22C4355F4000FD038 = {
			isa = PBXGroup;
			children = (
				EDABA0CD2C4355F4000FD038 /* JMGWorkScape */,
				EDABA0CC2C4355F4000FD038 /* Products */,
			);
			sourceTree = "<group>";
		};
		EDABA0CC2C4355F4000FD038 /* Products */ = {
			isa = PBXGroup;
			children = (
				EDABA0CB2C4355F4000FD038 /* JMGWorkScape.app */,
			);
			name = Products;
			sourceTree = "<group>";
		};
		EDABA0CD2C4355F4000FD038 /* JMGWorkScape */ = {
			isa = PBXGroup;
			children = (
				ED6AA00E2C51A5E0003A8C86 /* Info.plist */,
				835C0AAB2C43F3E10086C767 /* data */,
				EDABA0CE2C4355F4000FD038 /* JMGWorkScapeApp.swift */,
				EDABA0D02C4355F4000FD038 /* ContentView.swift */,
				ED9744132C43A7EA003641FB /* HomeObject.swift */,
				835C0AB42C494BDD0086C767 /* House.swift */,
				835C0AA92C43A1AA0086C767 /* Helper.swift */,
				ED97440A2C43A512003641FB /* Screens */,
				EDABA0D22C4355F6000FD038 /* Assets.xcassets */,
				EDABA0D42C4355F6000FD038 /* Preview Content */,
			);
			path = JMGWorkScape;
			sourceTree = "<group>";
		};
		EDABA0D42C4355F6000FD038 /* Preview Content */ = {
			isa = PBXGroup;
			children = (
				EDABA0D52C4355F6000FD038 /* Preview Assets.xcassets */,
			);
			path = "Preview Content";
			sourceTree = "<group>";
		};
/* End PBXGroup section */

/* Begin PBXNativeTarget section */
		EDABA0CA2C4355F4000FD038 /* JMGWorkScape */ = {
			isa = PBXNativeTarget;
			buildConfigurationList = EDABA0D92C4355F6000FD038 /* Build configuration list for PBXNativeTarget "JMGWorkScape" */;
			buildPhases = (
				EDABA0C72C4355F4000FD038 /* Sources */,
				EDABA0C82C4355F4000FD038 /* Frameworks */,
				EDABA0C92C4355F4000FD038 /* Resources */,
			);
			buildRules = (
			);
			dependencies = (
			);
			name = JMGWorkScape;
			productName = JMGWorkScape;
			productReference = EDABA0CB2C4355F4000FD038 /* JMGWorkScape.app */;
			productType = "com.apple.product-type.application";
		};
/* End PBXNativeTarget section */

/* Begin PBXProject section */
		EDABA0C32C4355F4000FD038 /* Project object */ = {
			isa = PBXProject;
			attributes = {
				BuildIndependentTargetsInParallel = 1;
				LastSwiftUpdateCheck = 1540;
				LastUpgradeCheck = 1540;
				TargetAttributes = {
					EDABA0CA2C4355F4000FD038 = {
						CreatedOnToolsVersion = 15.4;
					};
				};
			};
			buildConfigurationList = EDABA0C62C4355F4000FD038 /* Build configuration list for PBXProject "JMGWorkScape" */;
			compatibilityVersion = "Xcode 14.0";
			developmentRegion = en;
			hasScannedForEncodings = 0;
			knownRegions = (
				en,
				Base,
			);
			mainGroup = EDABA0C22C4355F4000FD038;
			productRefGroup = EDABA0CC2C4355F4000FD038 /* Products */;
			projectDirPath = "";
			projectRoot = "";
			targets = (
				EDABA0CA2C4355F4000FD038 /* JMGWorkScape */,
			);
		};
/* End PBXProject section */

/* Begin PBXResourcesBuildPhase section */
		EDABA0C92C4355F4000FD038 /* Resources */ = {
			isa = PBXResourcesBuildPhase;
			buildActionMask = 2147483647;
			files = (
				EDABA0D62C4355F6000FD038 /* Preview Assets.xcassets in Resources */,
				EDABA0D32C4355F6000FD038 /* Assets.xcassets in Resources */,
			);
			runOnlyForDeploymentPostprocessing = 0;
		};
/* End PBXResourcesBuildPhase section */

/* Begin PBXSourcesBuildPhase section */
		EDABA0C72C4355F4000FD038 /* Sources */ = {
			isa = PBXSourcesBuildPhase;
			buildActionMask = 2147483647;
			files = (
				ED97440D2C43A512003641FB /* HomeDetailsScreen.swift in Sources */,
				EDABA0D12C4355F4000FD038 /* ContentView.swift in Sources */,
				835C0AB52C494BDD0086C767 /* House.swift in Sources */,
				ED97440C2C43A512003641FB /* AddStopScreen.swift in Sources */,
				ED9744142C43A7EA003641FB /* HomeObject.swift in Sources */,
				EDABA0CF2C4355F4000FD038 /* JMGWorkScapeApp.swift in Sources */,
				ED97440F2C43A512003641FB /* InvoiceScreen.swift in Sources */,
				ED9744122C43A715003641FB /* HomeScreen.swift in Sources */,
				ED9744102C43A512003641FB /* RouteScreen.swift in Sources */,
				835C0AAA2C43A1AA0086C767 /* Helper.swift in Sources */,
				ED3BEBC52C55EFF6006A2279 /* EditHomeScreen.swift in Sources */,
				ED97440B2C43A512003641FB /* AddHomeScreen.swift in Sources */,
			);
			runOnlyForDeploymentPostprocessing = 0;
		};
/* End PBXSourcesBuildPhase section */

/* Begin XCBuildConfiguration section */
		EDABA0D72C4355F6000FD038 /* Debug */ = {
			isa = XCBuildConfiguration;
			buildSettings = {
				ALWAYS_SEARCH_USER_PATHS = NO;
				ASSETCATALOG_COMPILER_GENERATE_SWIFT_ASSET_SYMBOL_EXTENSIONS = YES;
				CLANG_ANALYZER_NONNULL = YES;
				CLANG_ANALYZER_NUMBER_OBJECT_CONVERSION = YES_AGGRESSIVE;
				CLANG_CXX_LANGUAGE_STANDARD = "gnu++20";
				CLANG_ENABLE_MODULES = YES;
				CLANG_ENABLE_OBJC_ARC = YES;
				CLANG_ENABLE_OBJC_WEAK = YES;
				CLANG_WARN_BLOCK_CAPTURE_AUTORELEASING = YES;
				CLANG_WARN_BOOL_CONVERSION = YES;
				CLANG_WARN_COMMA = YES;
				CLANG_WARN_CONSTANT_CONVERSION = YES;
				CLANG_WARN_DEPRECATED_OBJC_IMPLEMENTATIONS = YES;
				CLANG_WARN_DIRECT_OBJC_ISA_USAGE = YES_ERROR;
				CLANG_WARN_DOCUMENTATION_COMMENTS = YES;
				CLANG_WARN_EMPTY_BODY = YES;
				CLANG_WARN_ENUM_CONVERSION = YES;
				CLANG_WARN_INFINITE_RECURSION = YES;
				CLANG_WARN_INT_CONVERSION = YES;
				CLANG_WARN_NON_LITERAL_NULL_CONVERSION = YES;
				CLANG_WARN_OBJC_IMPLICIT_RETAIN_SELF = YES;
				CLANG_WARN_OBJC_LITERAL_CONVERSION = YES;
				CLANG_WARN_OBJC_ROOT_CLASS = YES_ERROR;
				CLANG_WARN_QUOTED_INCLUDE_IN_FRAMEWORK_HEADER = YES;
				CLANG_WARN_RANGE_LOOP_ANALYSIS = YES;
				CLANG_WARN_STRICT_PROTOTYPES = YES;
				CLANG_WARN_SUSPICIOUS_MOVE = YES;
				CLANG_WARN_UNGUARDED_AVAILABILITY = YES_AGGRESSIVE;
				CLANG_WARN_UNREACHABLE_CODE = YES;
				CLANG_WARN__DUPLICATE_METHOD_MATCH = YES;
				COPY_PHASE_STRIP = NO;
				DEBUG_INFORMATION_FORMAT = dwarf;
				ENABLE_STRICT_OBJC_MSGSEND = YES;
				ENABLE_TESTABILITY = YES;
				ENABLE_USER_SCRIPT_SANDBOXING = YES;
				GCC_C_LANGUAGE_STANDARD = gnu17;
				GCC_DYNAMIC_NO_PIC = NO;
				GCC_NO_COMMON_BLOCKS = YES;
				GCC_OPTIMIZATION_LEVEL = 0;
				GCC_PREPROCESSOR_DEFINITIONS = (
					"DEBUG=1",
					"$(inherited)",
				);
				GCC_WARN_64_TO_32_BIT_CONVERSION = YES;
				GCC_WARN_ABOUT_RETURN_TYPE = YES_ERROR;
				GCC_WARN_UNDECLARED_SELECTOR = YES;
				GCC_WARN_UNINITIALIZED_AUTOS = YES_AGGRESSIVE;
				GCC_WARN_UNUSED_FUNCTION = YES;
				GCC_WARN_UNUSED_VARIABLE = YES;
				IPHONEOS_DEPLOYMENT_TARGET = 17.5;
				LOCALIZATION_PREFERS_STRING_CATALOGS = YES;
				MTL_ENABLE_DEBUG_INFO = INCLUDE_SOURCE;
				MTL_FAST_MATH = YES;
				ONLY_ACTIVE_ARCH = YES;
				SDKROOT = iphoneos;
				SWIFT_ACTIVE_COMPILATION_CONDITIONS = "DEBUG $(inherited)";
				SWIFT_OPTIMIZATION_LEVEL = "-Onone";
			};
			name = Debug;
		};
		EDABA0D82C4355F6000FD038 /* Release */ = {
			isa = XCBuildConfiguration;
			buildSettings = {
				ALWAYS_SEARCH_USER_PATHS = NO;
				ASSETCATALOG_COMPILER_GENERATE_SWIFT_ASSET_SYMBOL_EXTENSIONS = YES;
				CLANG_ANALYZER_NONNULL = YES;
				CLANG_ANALYZER_NUMBER_OBJECT_CONVERSION = YES_AGGRESSIVE;
				CLANG_CXX_LANGUAGE_STANDARD = "gnu++20";
				CLANG_ENABLE_MODULES = YES;
				CLANG_ENABLE_OBJC_ARC = YES;
				CLANG_ENABLE_OBJC_WEAK = YES;
				CLANG_WARN_BLOCK_CAPTURE_AUTORELEASING = YES;
				CLANG_WARN_BOOL_CONVERSION = YES;
				CLANG_WARN_COMMA = YES;
				CLANG_WARN_CONSTANT_CONVERSION = YES;
				CLANG_WARN_DEPRECATED_OBJC_IMPLEMENTATIONS = YES;
				CLANG_WARN_DIRECT_OBJC_ISA_USAGE = YES_ERROR;
				CLANG_WARN_DOCUMENTATION_COMMENTS = YES;
				CLANG_WARN_EMPTY_BODY = YES;
				CLANG_WARN_ENUM_CONVERSION = YES;
				CLANG_WARN_INFINITE_RECURSION = YES;
				CLANG_WARN_INT_CONVERSION = YES;
				CLANG_WARN_NON_LITERAL_NULL_CONVERSION = YES;
				CLANG_WARN_OBJC_IMPLICIT_RETAIN_SELF = YES;
				CLANG_WARN_OBJC_LITERAL_CONVERSION = YES;
				CLANG_WARN_OBJC_ROOT_CLASS = YES_ERROR;
				CLANG_WARN_QUOTED_INCLUDE_IN_FRAMEWORK_HEADER = YES;
				CLANG_WARN_RANGE_LOOP_ANALYSIS = YES;
				CLANG_WARN_STRICT_PROTOTYPES = YES;
				CLANG_WARN_SUSPICIOUS_MOVE = YES;
				CLANG_WARN_UNGUARDED_AVAILABILITY = YES_AGGRESSIVE;
				CLANG_WARN_UNREACHABLE_CODE = YES;
				CLANG_WARN__DUPLICATE_METHOD_MATCH = YES;
				COPY_PHASE_STRIP = NO;
				DEBUG_INFORMATION_FORMAT = "dwarf-with-dsym";
				ENABLE_NS_ASSERTIONS = NO;
				ENABLE_STRICT_OBJC_MSGSEND = YES;
				ENABLE_USER_SCRIPT_SANDBOXING = YES;
				GCC_C_LANGUAGE_STANDARD = gnu17;
				GCC_NO_COMMON_BLOCKS = YES;
				GCC_WARN_64_TO_32_BIT_CONVERSION = YES;
				GCC_WARN_ABOUT_RETURN_TYPE = YES_ERROR;
				GCC_WARN_UNDECLARED_SELECTOR = YES;
				GCC_WARN_UNINITIALIZED_AUTOS = YES_AGGRESSIVE;
				GCC_WARN_UNUSED_FUNCTION = YES;
				GCC_WARN_UNUSED_VARIABLE = YES;
				IPHONEOS_DEPLOYMENT_TARGET = 17.5;
				LOCALIZATION_PREFERS_STRING_CATALOGS = YES;
				MTL_ENABLE_DEBUG_INFO = NO;
				MTL_FAST_MATH = YES;
				SDKROOT = iphoneos;
				SWIFT_COMPILATION_MODE = wholemodule;
				VALIDATE_PRODUCT = YES;
			};
			name = Release;
		};
		EDABA0DA2C4355F6000FD038 /* Debug */ = {
			isa = XCBuildConfiguration;
			buildSettings = {
				ASSETCATALOG_COMPILER_APPICON_NAME = AppIcon;
				ASSETCATALOG_COMPILER_GLOBAL_ACCENT_COLOR_NAME = AccentColor;
				CODE_SIGN_STYLE = Automatic;
				CURRENT_PROJECT_VERSION = 1;
				DEVELOPMENT_ASSET_PATHS = "\"JMGWorkScape/Preview Content\"";
				DEVELOPMENT_TEAM = 9A6YCRFES5;
				ENABLE_PREVIEWS = YES;
				GENERATE_INFOPLIST_FILE = YES;
				INFOPLIST_FILE = JMGWorkScape/Info.plist;
				INFOPLIST_KEY_UIApplicationSceneManifest_Generation = YES;
				INFOPLIST_KEY_UIApplicationSupportsIndirectInputEvents = YES;
				INFOPLIST_KEY_UILaunchScreen_Generation = YES;
				INFOPLIST_KEY_UISupportedInterfaceOrientations_iPad = "UIInterfaceOrientationPortrait UIInterfaceOrientationPortraitUpsideDown UIInterfaceOrientationLandscapeLeft UIInterfaceOrientationLandscapeRight";
				INFOPLIST_KEY_UISupportedInterfaceOrientations_iPhone = "UIInterfaceOrientationPortrait UIInterfaceOrientationLandscapeLeft UIInterfaceOrientationLandscapeRight";
				LD_RUNPATH_SEARCH_PATHS = (
					"$(inherited)",
					"@executable_path/Frameworks",
				);
				MARKETING_VERSION = 1.0;
				PRODUCT_BUNDLE_IDENTIFIER = com.MikeGuerrero.JMGWorkScape;
				PRODUCT_NAME = "$(TARGET_NAME)";
				SWIFT_EMIT_LOC_STRINGS = YES;
				SWIFT_VERSION = 5.0;
				TARGETED_DEVICE_FAMILY = "1,2";
			};
			name = Debug;
		};
		EDABA0DB2C4355F6000FD038 /* Release */ = {
			isa = XCBuildConfiguration;
			buildSettings = {
				ASSETCATALOG_COMPILER_APPICON_NAME = AppIcon;
				ASSETCATALOG_COMPILER_GLOBAL_ACCENT_COLOR_NAME = AccentColor;
				CODE_SIGN_STYLE = Automatic;
				CURRENT_PROJECT_VERSION = 1;
				DEVELOPMENT_ASSET_PATHS = "\"JMGWorkScape/Preview Content\"";
				DEVELOPMENT_TEAM = 9A6YCRFES5;
				ENABLE_PREVIEWS = YES;
				GENERATE_INFOPLIST_FILE = YES;
				INFOPLIST_FILE = JMGWorkScape/Info.plist;
				INFOPLIST_KEY_UIApplicationSceneManifest_Generation = YES;
				INFOPLIST_KEY_UIApplicationSupportsIndirectInputEvents = YES;
				INFOPLIST_KEY_UILaunchScreen_Generation = YES;
				INFOPLIST_KEY_UISupportedInterfaceOrientations_iPad = "UIInterfaceOrientationPortrait UIInterfaceOrientationPortraitUpsideDown UIInterfaceOrientationLandscapeLeft UIInterfaceOrientationLandscapeRight";
				INFOPLIST_KEY_UISupportedInterfaceOrientations_iPhone = "UIInterfaceOrientationPortrait UIInterfaceOrientationLandscapeLeft UIInterfaceOrientationLandscapeRight";
				LD_RUNPATH_SEARCH_PATHS = (
					"$(inherited)",
					"@executable_path/Frameworks",
				);
				MARKETING_VERSION = 1.0;
				PRODUCT_BUNDLE_IDENTIFIER = com.MikeGuerrero.JMGWorkScape;
				PRODUCT_NAME = "$(TARGET_NAME)";
				SWIFT_EMIT_LOC_STRINGS = YES;
				SWIFT_VERSION = 5.0;
				TARGETED_DEVICE_FAMILY = "1,2";
			};
			name = Release;
		};
/* End XCBuildConfiguration section */

/* Begin XCConfigurationList section */
		EDABA0C62C4355F4000FD038 /* Build configuration list for PBXProject "JMGWorkScape" */ = {
			isa = XCConfigurationList;
			buildConfigurations = (
				EDABA0D72C4355F6000FD038 /* Debug */,
				EDABA0D82C4355F6000FD038 /* Release */,
			);
			defaultConfigurationIsVisible = 0;
			defaultConfigurationName = Release;
		};
		EDABA0D92C4355F6000FD038 /* Build configuration list for PBXNativeTarget "JMGWorkScape" */ = {
			isa = XCConfigurationList;
			buildConfigurations = (
				EDABA0DA2C4355F6000FD038 /* Debug */,
				EDABA0DB2C4355F6000FD038 /* Release */,
			);
			defaultConfigurationIsVisible = 0;
			defaultConfigurationName = Release;
		};
/* End XCConfigurationList section */
	};
	rootObject = EDABA0C32C4355F4000FD038 /* Project object */;
}
